
Microsoft Visual Studio Solution File, Format Version 12.00
# Visual Studio Version 17
VisualStudioVersion = 17.13.35825.156 d17.13
MinimumVisualStudioVersion = 10.0.40219.1
Project("{FAE04EC0-301F-11D3-BF4B-00C04F79EFBC}") = "llyrtkframework", "llyrtkframework\llyrtkframework.csproj", "{3A215A8B-1FFC-40F1-A2BE-44436F8BCFB7}"
EndProject
Global
	GlobalSection(SolutionConfigurationPlatforms) = preSolution
		Debug|Any CPU = Debug|Any CPU
		Release|Any CPU = Release|Any CPU
	EndGlobalSection
	GlobalSection(ProjectConfigurationPlatforms) = postSolution
		{3A215A8B-1FFC-40F1-A2BE-44436F8BCFB7}.Debug|Any CPU.ActiveCfg = Debug|Any CPU
		{3A215A8B-1FFC-40F1-A2BE-44436F8BCFB7}.Debug|Any CPU.Build.0 = Debug|Any CPU
		{3A215A8B-1FFC-40F1-A2BE-44436F8BCFB7}.Release|Any CPU.ActiveCfg = Release|Any CPU
		{3A215A8B-1FFC-40F1-A2BE-44436F8BCFB7}.Release|Any CPU.Build.0 = Release|Any CPU
	EndGlobalSection
	GlobalSection(SolutionProperties) = preSolution
		HideSolutionNode = FALSE
	EndGlobalSection
	GlobalSection(ExtensibilityGlobals) = postSolution
		SolutionGuid = {D5A47827-8F69-47BD-93A3-E565F5545534}
	EndGlobalSection
EndGlobal
